
Microsoft Visual Studio Solution File, Format Version 12.00
# Visual Studio Version 17
VisualStudioVersion = 17.11.35312.102
MinimumVisualStudioVersion = 10.0.40219.1
Project("{FAE04EC0-301F-11D3-BF4B-00C04F79EFBC}") = "FortitudeTest", "FortitudeTest\FortitudeTest.csproj", "{D683B58C-65F1-4CED-9B78-62FEF287ECBD}"
EndProject
Project("{2150E333-8FDC-42A3-9474-1A3956D46DE8}") = "Solution Items", "Solution Items", "{8F9ACA83-A917-4351-BA12-73F76A32AF29}"
EndProject
Global
	GlobalSection(SolutionConfigurationPlatforms) = preSolution
		Debug|Any CPU = Debug|Any CPU
		Release|Any CPU = Release|Any CPU
	EndGlobalSection
	GlobalSection(ProjectConfigurationPlatforms) = postSolution
		{D683B58C-65F1-4CED-9B78-62FEF287ECBD}.Debug|Any CPU.ActiveCfg = Debug|Any CPU
		{D683B58C-65F1-4CED-9B78-62FEF287ECBD}.Debug|Any CPU.Build.0 = Debug|Any CPU
		{D683B58C-65F1-4CED-9B78-62FEF287ECBD}.Release|Any CPU.ActiveCfg = Release|Any CPU
		{D683B58C-65F1-4CED-9B78-62FEF287ECBD}.Release|Any CPU.Build.0 = Release|Any CPU
	EndGlobalSection
	GlobalSection(SolutionProperties) = preSolution
		HideSolutionNode = FALSE
	EndGlobalSection
	GlobalSection(ExtensibilityGlobals) = postSolution
		SolutionGuid = {088B7989-7248-483C-B317-617CE9279965}
	EndGlobalSection
EndGlobal
